
Microsoft Visual Studio Solution File, Format Version 12.00
# Visual Studio Version 16
VisualStudioVersion = 16.0.31605.320
MinimumVisualStudioVersion = 10.0.40219.1
Project("{FAE04EC0-301F-11D3-BF4B-00C04F79EFBC}") = "ExercicioTrianguloComOO", "ExercicioTrianguloComOO\ExercicioTrianguloComOO.csproj", "{65512727-0AE3-487D-9ADC-77F5B2B94E30}"
EndProject
Global
	GlobalSection(SolutionConfigurationPlatforms) = preSolution
		Debug|Any CPU = Debug|Any CPU
		Release|Any CPU = Release|Any CPU
	EndGlobalSection
	GlobalSection(ProjectConfigurationPlatforms) = postSolution
		{65512727-0AE3-487D-9ADC-77F5B2B94E30}.Debug|Any CPU.ActiveCfg = Debug|Any CPU
		{65512727-0AE3-487D-9ADC-77F5B2B94E30}.Debug|Any CPU.Build.0 = Debug|Any CPU
		{65512727-0AE3-487D-9ADC-77F5B2B94E30}.Release|Any CPU.ActiveCfg = Release|Any CPU
		{65512727-0AE3-487D-9ADC-77F5B2B94E30}.Release|Any CPU.Build.0 = Release|Any CPU
	EndGlobalSection
	GlobalSection(SolutionProperties) = preSolution
		HideSolutionNode = FALSE
	EndGlobalSection
	GlobalSection(ExtensibilityGlobals) = postSolution
		SolutionGuid = {E65B98E8-327D-4B83-A87B-695A4A73A90F}
	EndGlobalSection
EndGlobal
